Microsoft Visual Studio Solution File, Format Version 12.00
# Visual Studio 2012
Project("{FAE04EC0-301F-11D3-BF4B-00C04F79EFBC}") = "BanhMiExe", "BanhMiExe.csproj", "{4FE6E167-2A74-4C2E-804D-DFD520D847DE}"
EndProject
Global
	GlobalSection(SolutionConfigurationPlatforms) = preSolution
	Debug|Any CPU = Debug|Any CPU
	ExportDebug|Any CPU = ExportDebug|Any CPU
	ExportRelease|Any CPU = ExportRelease|Any CPU
	EndGlobalSection
	GlobalSection(ProjectConfigurationPlatforms) = postSolution
		{4FE6E167-2A74-4C2E-804D-DFD520D847DE}.Debug|Any CPU.ActiveCfg = Debug|Any CPU
		{4FE6E167-2A74-4C2E-804D-DFD520D847DE}.Debug|Any CPU.Build.0 = Debug|Any CPU
		{4FE6E167-2A74-4C2E-804D-DFD520D847DE}.ExportDebug|Any CPU.ActiveCfg = ExportDebug|Any CPU
		{4FE6E167-2A74-4C2E-804D-DFD520D847DE}.ExportDebug|Any CPU.Build.0 = ExportDebug|Any CPU
		{4FE6E167-2A74-4C2E-804D-DFD520D847DE}.ExportRelease|Any CPU.ActiveCfg = ExportRelease|Any CPU
		{4FE6E167-2A74-4C2E-804D-DFD520D847DE}.ExportRelease|Any CPU.Build.0 = ExportRelease|Any CPU
	EndGlobalSection
EndGlobal
